
Microsoft Visual Studio Solution File, Format Version 12.00
# Visual Studio Version 16
VisualStudioVersion = 16.0.31729.503
MinimumVisualStudioVersion = 10.0.40219.1
Project("{9A19103F-16F7-4668-BE54-9A1E7A4F7556}") = "TylerDemo", "TylerDemo\TylerDemo.csproj", "{302AABA5-EA9B-451B-ABFA-AEF5B61B4FDD}"
EndProject
Global
	GlobalSection(SolutionConfigurationPlatforms) = preSolution
		Debug|Any CPU = Debug|Any CPU
		Release|Any CPU = Release|Any CPU
	EndGlobalSection
	GlobalSection(ProjectConfigurationPlatforms) = postSolution
		{302AABA5-EA9B-451B-ABFA-AEF5B61B4FDD}.Debug|Any CPU.ActiveCfg = Debug|Any CPU
		{302AABA5-EA9B-451B-ABFA-AEF5B61B4FDD}.Debug|Any CPU.Build.0 = Debug|Any CPU
		{302AABA5-EA9B-451B-ABFA-AEF5B61B4FDD}.Release|Any CPU.ActiveCfg = Release|Any CPU
		{302AABA5-EA9B-451B-ABFA-AEF5B61B4FDD}.Release|Any CPU.Build.0 = Release|Any CPU
	EndGlobalSection
	GlobalSection(SolutionProperties) = preSolution
		HideSolutionNode = FALSE
	EndGlobalSection
	GlobalSection(ExtensibilityGlobals) = postSolution
		SolutionGuid = {056B46DD-207B-4185-B868-4B14A71CD2AB}
	EndGlobalSection
EndGlobal
